[[package]]
name = "bar"
version = "0.1.0"
description = ""
category = "main"
optional = false
python-versions = "^3.8"
develop = false

[package.source]
type = "directory"
url = "../bar"

[metadata]
lock-version = "1.1"
python-versions = "^3.8"
content-hash = "9c63fff1bf3cfaa877415bd1e9c77bf4019794b0b535ebbdaad3f83ad57d4a16"

[metadata.files]
bar = []
